// !$*UTF8*$!
{
	archiveVersion = 1;
	classes = {
	};
	objectVersion = 50;
	objects = {

/* Begin PBXBuildFile section */
		9672425B23D09DE5003FE0FE /* AppDelegate.swift in Sources */ = {isa = PBXBuildFile; fileRef = 9672425A23D09DE5003FE0FE /* AppDelegate.swift */; };
		9672425D23D09DE5003FE0FE /* SceneDelegate.swift in Sources */ = {isa = PBXBuildFile; fileRef = 9672425C23D09DE5003FE0FE /* SceneDelegate.swift */; };
		9672425F23D09DE5003FE0FE /* ViewController.swift in Sources */ = {isa = PBXBuildFile; fileRef = 9672425E23D09DE5003FE0FE /* ViewController.swift */; };
		9672426223D09DE5003FE0FE /* Main.storyboard in Resources */ = {isa = PBXBuildFile; fileRef = 9672426023D09DE5003FE0FE /* Main.storyboard */; };
		9672426423D09DEF003FE0FE /* Assets.xcassets in Resources */ = {isa = PBXBuildFile; fileRef = 9672426323D09DEF003FE0FE /* Assets.xcassets */; };
		9672426723D09DEF003FE0FE /* LaunchScreen.storyboard in Resources */ = {isa = PBXBuildFile; fileRef = 9672426523D09DEF003FE0FE /* LaunchScreen.storyboard */; };
		9672427223D09DEF003FE0FE /* TestTaskTests.swift in Sources */ = {isa = PBXBuildFile; fileRef = 9672427123D09DEF003FE0FE /* TestTaskTests.swift */; };
/* End PBXBuildFile section */

/* Begin PBXContainerItemProxy section */
		9672426E23D09DEF003FE0FE /* PBXContainerItemProxy */ = {
			isa = PBXContainerItemProxy;
			containerPortal = 9672424F23D09DE5003FE0FE /* Project object */;
			proxyType = 1;
			remoteGlobalIDString = 9672425623D09DE5003FE0FE;
			remoteInfo = TestTask;
		};
/* End PBXContainerItemProxy section */

/* Begin PBXFileReference section */
		9672425723D09DE5003FE0FE /* TestTask.app */ = {isa = PBXFileReference; explicitFileType = wrapper.application; includeInIndex = 0; path = TestTask.app; sourceTree = BUILT_PRODUCTS_DIR; };
		9672425A23D09DE5003FE0FE /* AppDelegate.swift */ = {isa = PBXFileReference; lastKnownFileType = sourcecode.swift; path = AppDelegate.swift; sourceTree = "<group>"; };
		9672425C23D09DE5003FE0FE /* SceneDelegate.swift */ = {isa = PBXFileReference; lastKnownFileType = sourcecode.swift; path = SceneDelegate.swift; sourceTree = "<group>"; };
		9672425E23D09DE5003FE0FE /* ViewController.swift */ = {isa = PBXFileReference; lastKnownFileType = sourcecode.swift; path = ViewController.swift; sourceTree = "<group>"; };
		9672426123D09DE5003FE0FE /* Base */ = {isa = PBXFileReference; lastKnownFileType = file.storyboard; name = Base; path = Base.lproj/Main.storyboard; sourceTree = "<group>"; };
		9672426323D09DEF003FE0FE /* Assets.xcassets */ = {isa = PBXFileReference; lastKnownFileType = folder.assetcatalog; path = Assets.xcassets; sourceTree = "<group>"; };
		9672426623D09DEF003FE0FE /* Base */ = {isa = PBXFileReference; lastKnownFileType = file.storyboard; name = Base; path = Base.lproj/LaunchScreen.storyboard; sourceTree = "<group>"; };
		9672426823D09DEF003FE0FE /* Info.plist */ = {isa = PBXFileReference; lastKnownFileType = text.plist.xml; path = Info.plist; sourceTree = "<group>"; };
		9672426D23D09DEF003FE0FE /* TestTaskTests.xctest */ = {isa = PBXFileReference; explicitFileType = wrapper.cfbundle; includeInIndex = 0; path = TestTaskTests.xctest; sourceTree = BUILT_PRODUCTS_DIR; };
		9672427123D09DEF003FE0FE /* TestTaskTests.swift */ = {isa = PBXFileReference; lastKnownFileType = sourcecode.swift; path = TestTaskTests.swift; sourceTree = "<group>"; };
		9672427323D09DEF003FE0FE /* Info.plist */ = {isa = PBXFileReference; lastKnownFileType = text.plist.xml; path = Info.plist; sourceTree = "<group>"; };
/* End PBXFileReference section */

/* Begin PBXFrameworksBuildPhase section */
		9672425423D09DE5003FE0FE /* Frameworks */ = {
			isa = PBXFrameworksBuildPhase;
			buildActionMask = 2147483647;
			files = (
			);
			runOnlyForDeploymentPostprocessing = 0;
		};
		9672426A23D09DEF003FE0FE /* Frameworks */ = {
			isa = PBXFrameworksBuildPhase;
			buildActionMask = 2147483647;
			files = (
			);
			runOnlyForDeploymentPostprocessing = 0;
		};
/* End PBXFrameworksBuildPhase section */

/* Begin PBXGroup section */
		9672424E23D09DE5003FE0FE = {
			isa = PBXGroup;
			children = (
				9672425923D09DE5003FE0FE /* TestTask */,
				9672427023D09DEF003FE0FE /* TestTaskTests */,
				9672425823D09DE5003FE0FE /* Products */,
			);
			sourceTree = "<group>";
		};
		9672425823D09DE5003FE0FE /* Products */ = {
			isa = PBXGroup;
			children = (
				9672425723D09DE5003FE0FE /* TestTask.app */,
				9672426D23D09DEF003FE0FE /* TestTaskTests.xctest */,
			);
			name = Products;
			sourceTree = "<group>";
		};
		9672425923D09DE5003FE0FE /* TestTask */ = {
			isa = PBXGroup;
			children = (
				9672425A23D09DE5003FE0FE /* AppDelegate.swift */,
				9672425C23D09DE5003FE0FE /* SceneDelegate.swift */,
				9672425E23D09DE5003FE0FE /* ViewController.swift */,
				9672426023D09DE5003FE0FE /* Main.storyboard */,
				9672426323D09DEF003FE0FE /* Assets.xcassets */,
				9672426523D09DEF003FE0FE /* LaunchScreen.storyboard */,
				9672426823D09DEF003FE0FE /* Info.plist */,
			);
			path = TestTask;
			sourceTree = "<group>";
		};
		9672427023D09DEF003FE0FE /* TestTaskTests */ = {
			isa = PBXGroup;
			children = (
				9672427123D09DEF003FE0FE /* TestTaskTests.swift */,
				9672427323D09DEF003FE0FE /* Info.plist */,
			);
			path = TestTaskTests;
			sourceTree = "<group>";
		};
/* End PBXGroup section */

/* Begin PBXNativeTarget section */
		9672425623D09DE5003FE0FE /* TestTask */ = {
			isa = PBXNativeTarget;
			buildConfigurationList = 9672427623D09DEF003FE0FE /* Build configuration list for PBXNativeTarget "TestTask" */;
			buildPhases = (
				9672425323D09DE5003FE0FE /* Sources */,
				9672425423D09DE5003FE0FE /* Frameworks */,
				9672425523D09DE5003FE0FE /* Resources */,
			);
			buildRules = (
			);
			dependencies = (
			);
			name = TestTask;
			productName = TestTask;
			productReference = 9672425723D09DE5003FE0FE /* TestTask.app */;
			productType = "com.apple.product-type.application";
		};
		9672426C23D09DEF003FE0FE /* TestTaskTests */ = {
			isa = PBXNativeTarget;
			buildConfigurationList = 9672427923D09DEF003FE0FE /* Build configuration list for PBXNativeTarget "TestTaskTests" */;
			buildPhases = (
				9672426923D09DEF003FE0FE /* Sources */,
				9672426A23D09DEF003FE0FE /* Frameworks */,
				9672426B23D09DEF003FE0FE /* Resources */,
			);
			buildRules = (
			);
			dependencies = (
				9672426F23D09DEF003FE0FE /* PBXTargetDependency */,
			);
			name = TestTaskTests;
			productName = TestTaskTests;
			productReference = 9672426D23D09DEF003FE0FE /* TestTaskTests.xctest */;
			productType = "com.apple.product-type.bundle.unit-test";
		};
/* End PBXNativeTarget section */

/* Begin PBXProject section */
		9672424F23D09DE5003FE0FE /* Project object */ = {
			isa = PBXProject;
			attributes = {
				LastSwiftUpdateCheck = 1130;
				LastUpgradeCheck = 1130;
				ORGANIZATIONNAME = test;
				TargetAttributes = {
					9672425623D09DE5003FE0FE = {
						CreatedOnToolsVersion = 11.3;
					};
					9672426C23D09DEF003FE0FE = {
						CreatedOnToolsVersion = 11.3;
						TestTargetID = 9672425623D09DE5003FE0FE;
					};
				};
			};
			buildConfigurationList = 9672425223D09DE5003FE0FE /* Build configuration list for PBXProject "TestTask" */;
			compatibilityVersion = "Xcode 9.3";
			developmentRegion = en;
			hasScannedForEncodings = 0;
			knownRegions = (
				en,
				Base,
			);
			mainGroup = 9672424E23D09DE5003FE0FE;
			productRefGroup = 9672425823D09DE5003FE0FE /* Products */;
			projectDirPath = "";
			projectRoot = "";
			targets = (
				9672425623D09DE5003FE0FE /* TestTask */,
				9672426C23D09DEF003FE0FE /* TestTaskTests */,
			);
		};
/* End PBXProject section */

/* Begin PBXResourcesBuildPhase section */
		9672425523D09DE5003FE0FE /* Resources */ = {
			isa = PBXResourcesBuildPhase;
			buildActionMask = 2147483647;
			files = (
				9672426723D09DEF003FE0FE /* LaunchScreen.storyboard in Resources */,
				9672426423D09DEF003FE0FE /* Assets.xcassets in Resources */,
				9672426223D09DE5003FE0FE /* Main.storyboard in Resources */,
			);
			runOnlyForDeploymentPostprocessing = 0;
		};
		9672426B23D09DEF003FE0FE /* Resources */ = {
			isa = PBXResourcesBuildPhase;
			buildActionMask = 2147483647;
			files = (
			);
			runOnlyForDeploymentPostprocessing = 0;
		};
/* End PBXResourcesBuildPhase section */

/* Begin PBXSourcesBuildPhase section */
		9672425323D09DE5003FE0FE /* Sources */ = {
			isa = PBXSourcesBuildPhase;
			buildActionMask = 2147483647;
			files = (
				9672425F23D09DE5003FE0FE /* ViewController.swift in Sources */,
				9672425B23D09DE5003FE0FE /* AppDelegate.swift in Sources */,
				9672425D23D09DE5003FE0FE /* SceneDelegate.swift in Sources */,
			);
			runOnlyForDeploymentPostprocessing = 0;
		};
		9672426923D09DEF003FE0FE /* Sources */ = {
			isa = PBXSourcesBuildPhase;
			buildActionMask = 2147483647;
			files = (
				9672427223D09DEF003FE0FE /* TestTaskTests.swift in Sources */,
			);
			runOnlyForDeploymentPostprocessing = 0;
		};
/* End PBXSourcesBuildPhase section */

/* Begin PBXTargetDependency section */
		9672426F23D09DEF003FE0FE /* PBXTargetDependency */ = {
			isa = PBXTargetDependency;
			target = 9672425623D09DE5003FE0FE /* TestTask */;
			targetProxy = 9672426E23D09DEF003FE0FE /* PBXContainerItemProxy */;
		};
/* End PBXTargetDependency section */

/* Begin PBXVariantGroup section */
		9672426023D09DE5003FE0FE /* Main.storyboard */ = {
			isa = PBXVariantGroup;
			children = (
				9672426123D09DE5003FE0FE /* Base */,
			);
			name = Main.storyboard;
			sourceTree = "<group>";
		};
		9672426523D09DEF003FE0FE /* LaunchScreen.storyboard */ = {
			isa = PBXVariantGroup;
			children = (
				9672426623D09DEF003FE0FE /* Base */,
			);
			name = LaunchScreen.storyboard;
			sourceTree = "<group>";
		};
/* End PBXVariantGroup section */

/* Begin XCBuildConfiguration section */
		9672427423D09DEF003FE0FE /* Debug */ = {
			isa = XCBuildConfiguration;
			buildSettings = {
				ALWAYS_SEARCH_USER_PATHS = NO;
				CLANG_ANALYZER_NONNULL = YES;
				CLANG_ANALYZER_NUMBER_OBJECT_CONVERSION = YES_AGGRESSIVE;
				CLANG_CXX_LANGUAGE_STANDARD = "gnu++14";
				CLANG_CXX_LIBRARY = "libc++";
				CLANG_ENABLE_MODULES = YES;
				CLANG_ENABLE_OBJC_ARC = YES;
				CLANG_ENABLE_OBJC_WEAK = YES;
				CLANG_WARN_BLOCK_CAPTURE_AUTORELEASING = YES;
				CLANG_WARN_BOOL_CONVERSION = YES;
				CLANG_WARN_COMMA = YES;
				CLANG_WARN_CONSTANT_CONVERSION = YES;
				CLANG_WARN_DEPRECATED_OBJC_IMPLEMENTATIONS = YES;
				CLANG_WARN_DIRECT_OBJC_ISA_USAGE = YES_ERROR;
				CLANG_WARN_DOCUMENTATION_COMMENTS = YES;
				CLANG_WARN_EMPTY_BODY = YES;
				CLANG_WARN_ENUM_CONVERSION = YES;
				CLANG_WARN_INFINITE_RECURSION = YES;
				CLANG_WARN_INT_CONVERSION = YES;
				CLANG_WARN_NON_LITERAL_NULL_CONVERSION = YES;
				CLANG_WARN_OBJC_IMPLICIT_RETAIN_SELF = YES;
				CLANG_WARN_OBJC_LITERAL_CONVERSION = YES;
				CLANG_WARN_OBJC_ROOT_CLASS = YES_ERROR;
				CLANG_WARN_RANGE_LOOP_ANALYSIS = YES;
				CLANG_WARN_STRICT_PROTOTYPES = YES;
				CLANG_WARN_SUSPICIOUS_MOVE = YES;
				CLANG_WARN_UNGUARDED_AVAILABILITY = YES_AGGRESSIVE;
				CLANG_WARN_UNREACHABLE_CODE = YES;
				CLANG_WARN__DUPLICATE_METHOD_MATCH = YES;
				COPY_PHASE_STRIP = NO;
				DEBUG_INFORMATION_FORMAT = dwarf;
				ENABLE_STRICT_OBJC_MSGSEND = YES;
				ENABLE_TESTABILITY = YES;
				GCC_C_LANGUAGE_STANDARD = gnu11;
				GCC_DYNAMIC_NO_PIC = NO;
				GCC_NO_COMMON_BLOCKS = YES;
				GCC_OPTIMIZATION_LEVEL = 0;
				GCC_PREPROCESSOR_DEFINITIONS = (
					"DEBUG=1",
					"$(inherited)",
				);
				GCC_WARN_64_TO_32_BIT_CONVERSION = YES;
				GCC_WARN_ABOUT_RETURN_TYPE = YES_ERROR;
				GCC_WARN_UNDECLARED_SELECTOR = YES;
				GCC_WARN_UNINITIALIZED_AUTOS = YES_AGGRESSIVE;
				GCC_WARN_UNUSED_FUNCTION = YES;
				GCC_WARN_UNUSED_VARIABLE = YES;
				IPHONEOS_DEPLOYMENT_TARGET = 13.2;
				MTL_ENABLE_DEBUG_INFO = INCLUDE_SOURCE;
				MTL_FAST_MATH = YES;
				ONLY_ACTIVE_ARCH = YES;
				SDKROOT = iphoneos;
				SWIFT_ACTIVE_COMPILATION_CONDITIONS = DEBUG;
				SWIFT_OPTIMIZATION_LEVEL = "-Onone";
			};
			name = Debug;
		};
		9672427523D09DEF003FE0FE /* Release */ = {
			isa = XCBuildConfiguration;
			buildSettings = {
				ALWAYS_SEARCH_USER_PATHS = NO;
				CLANG_ANALYZER_NONNULL = YES;
				CLANG_ANALYZER_NUMBER_OBJECT_CONVERSION = YES_AGGRESSIVE;
				CLANG_CXX_LANGUAGE_STANDARD = "gnu++14";
				CLANG_CXX_LIBRARY = "libc++";
				CLANG_ENABLE_MODULES = YES;
				CLANG_ENABLE_OBJC_ARC = YES;
				CLANG_ENABLE_OBJC_WEAK = YES;
				CLANG_WARN_BLOCK_CAPTURE_AUTORELEASING = YES;
				CLANG_WARN_BOOL_CONVERSION = YES;
				CLANG_WARN_COMMA = YES;
				CLANG_WARN_CONSTANT_CONVERSION = YES;
				CLANG_WARN_DEPRECATED_OBJC_IMPLEMENTATIONS = YES;
				CLANG_WARN_DIRECT_OBJC_ISA_USAGE = YES_ERROR;
				CLANG_WARN_DOCUMENTATION_COMMENTS = YES;
				CLANG_WARN_EMPTY_BODY = YES;
				CLANG_WARN_ENUM_CONVERSION = YES;
				CLANG_WARN_INFINITE_RECURSION = YES;
				CLANG_WARN_INT_CONVERSION = YES;
				CLANG_WARN_NON_LITERAL_NULL_CONVERSION = YES;
				CLANG_WARN_OBJC_IMPLICIT_RETAIN_SELF = YES;
				CLANG_WARN_OBJC_LITERAL_CONVERSION = YES;
				CLANG_WARN_OBJC_ROOT_CLASS = YES_ERROR;
				CLANG_WARN_RANGE_LOOP_ANALYSIS = YES;
				CLANG_WARN_STRICT_PROTOTYPES = YES;
				CLANG_WARN_SUSPICIOUS_MOVE = YES;
				CLANG_WARN_UNGUARDED_AVAILABILITY = YES_AGGRESSIVE;
				CLANG_WARN_UNREACHABLE_CODE = YES;
				CLANG_WARN__DUPLICATE_METHOD_MATCH = YES;
				COPY_PHASE_STRIP = NO;
				DEBUG_INFORMATION_FORMAT = "dwarf-with-dsym";
				ENABLE_NS_ASSERTIONS = NO;
				ENABLE_STRICT_OBJC_MSGSEND = YES;
				GCC_C_LANGUAGE_STANDARD = gnu11;
				GCC_NO_COMMON_BLOCKS = YES;
				GCC_WARN_64_TO_32_BIT_CONVERSION = YES;
				GCC_WARN_ABOUT_RETURN_TYPE = YES_ERROR;
				GCC_WARN_UNDECLARED_SELECTOR = YES;
				GCC_WARN_UNINITIALIZED_AUTOS = YES_AGGRESSIVE;
				GCC_WARN_UNUSED_FUNCTION = YES;
				GCC_WARN_UNUSED_VARIABLE = YES;
				IPHONEOS_DEPLOYMENT_TARGET = 13.2;
				MTL_ENABLE_DEBUG_INFO = NO;
				MTL_FAST_MATH = YES;
				SDKROOT = iphoneos;
				SWIFT_COMPILATION_MODE = wholemodule;
				SWIFT_OPTIMIZATION_LEVEL = "-O";
				VALIDATE_PRODUCT = YES;
			};
			name = Release;
		};
		9672427723D09DEF003FE0FE /* Debug */ = {
			isa = XCBuildConfiguration;
			buildSettings = {
				ASSETCATALOG_COMPILER_APPICON_NAME = AppIcon;
				CODE_SIGN_STYLE = Automatic;
				INFOPLIST_FILE = TestTask/Info.plist;
				LD_RUNPATH_SEARCH_PATHS = (
					"$(inherited)",
					"@executable_path/Frameworks",
				);
				PRODUCT_BUNDLE_IDENTIFIER = test.TestTask;
				PRODUCT_NAME = "$(TARGET_NAME)";
				SWIFT_VERSION = 5.0;
				TARGETED_DEVICE_FAMILY = "1,2";
			};
			name = Debug;
		};
		9672427823D09DEF003FE0FE /* Release */ = {
			isa = XCBuildConfiguration;
			buildSettings = {
				ASSETCATALOG_COMPILER_APPICON_NAME = AppIcon;
				CODE_SIGN_STYLE = Automatic;
				INFOPLIST_FILE = TestTask/Info.plist;
				LD_RUNPATH_SEARCH_PATHS = (
					"$(inherited)",
					"@executable_path/Frameworks",
				);
				PRODUCT_BUNDLE_IDENTIFIER = test.TestTask;
				PRODUCT_NAME = "$(TARGET_NAME)";
				SWIFT_VERSION = 5.0;
				TARGETED_DEVICE_FAMILY = "1,2";
			};
			name = Release;
		};
		9672427A23D09DEF003FE0FE /* Debug */ = {
			isa = XCBuildConfiguration;
			buildSettings = {
				ALWAYS_EMBED_SWIFT_STANDARD_LIBRARIES = YES;
				BUNDLE_LOADER = "$(TEST_HOST)";
				CODE_SIGN_STYLE = Automatic;
				INFOPLIST_FILE = TestTaskTests/Info.plist;
				IPHONEOS_DEPLOYMENT_TARGET = 13.2;
				LD_RUNPATH_SEARCH_PATHS = (
					"$(inherited)",
					"@executable_path/Frameworks",
					"@loader_path/Frameworks",
				);
				PRODUCT_BUNDLE_IDENTIFIER = test.TestTaskTests;
				PRODUCT_NAME = "$(TARGET_NAME)";
				SWIFT_VERSION = 5.0;
				TARGETED_DEVICE_FAMILY = "1,2";
				TEST_HOST = "$(BUILT_PRODUCTS_DIR)/TestTask.app/TestTask";
			};
			name = Debug;
		};
		9672427B23D09DEF003FE0FE /* Release */ = {
			isa = XCBuildConfiguration;
			buildSettings = {
				ALWAYS_EMBED_SWIFT_STANDARD_LIBRARIES = YES;
				BUNDLE_LOADER = "$(TEST_HOST)";
				CODE_SIGN_STYLE = Automatic;
				INFOPLIST_FILE = TestTaskTests/Info.plist;
				IPHONEOS_DEPLOYMENT_TARGET = 13.2;
				LD_RUNPATH_SEARCH_PATHS = (
					"$(inherited)",
					"@executable_path/Frameworks",
					"@loader_path/Frameworks",
				);
				PRODUCT_BUNDLE_IDENTIFIER = test.TestTaskTests;
				PRODUCT_NAME = "$(TARGET_NAME)";
				SWIFT_VERSION = 5.0;
				TARGETED_DEVICE_FAMILY = "1,2";
				TEST_HOST = "$(BUILT_PRODUCTS_DIR)/TestTask.app/TestTask";
			};
			name = Release;
		};
/* End XCBuildConfiguration section */

/* Begin XCConfigurationList section */
		9672425223D09DE5003FE0FE /* Build configuration list for PBXProject "TestTask" */ = {
			isa = XCConfigurationList;
			buildConfigurations = (
				9672427423D09DEF003FE0FE /* Debug */,
				9672427523D09DEF003FE0FE /* Release */,
			);
			defaultConfigurationIsVisible = 0;
			defaultConfigurationName = Release;
		};
		9672427623D09DEF003FE0FE /* Build configuration list for PBXNativeTarget "TestTask" */ = {
			isa = XCConfigurationList;
			buildConfigurations = (
				9672427723D09DEF003FE0FE /* Debug */,
				9672427823D09DEF003FE0FE /* Release */,
			);
			defaultConfigurationIsVisible = 0;
			defaultConfigurationName = Release;
		};
		9672427923D09DEF003FE0FE /* Build configuration list for PBXNativeTarget "TestTaskTests" */ = {
			isa = XCConfigurationList;
			buildConfigurations = (
				9672427A23D09DEF003FE0FE /* Debug */,
				9672427B23D09DEF003FE0FE /* Release */,
			);
			defaultConfigurationIsVisible = 0;
			defaultConfigurationName = Release;
		};
/* End XCConfigurationList section */
	};
	rootObject = 9672424F23D09DE5003FE0FE /* Project object */;
}
